
Microsoft Visual Studio Solution File, Format Version 12.00
# Visual Studio Version 17
VisualStudioVersion = 17.0.31903.59
MinimumVisualStudioVersion = 10.0.40219.1
Project("{FAE04EC0-301F-11D3-BF4B-00C04F79EFBC}") = "TimSpik", "WindowsFormsApp1\TimSpik.csproj", "{BCD5B0F7-6B16-4FA8-BDDB-285D41CE12F2}"
EndProject
Global
	GlobalSection(SolutionConfigurationPlatforms) = preSolution
		Debug|Any CPU = Debug|Any CPU
		Release|Any CPU = Release|Any CPU
	EndGlobalSection
	GlobalSection(ProjectConfigurationPlatforms) = postSolution
		{BCD5B0F7-6B16-4FA8-BDDB-285D41CE12F2}.Debug|Any CPU.ActiveCfg = Debug|Any CPU
		{BCD5B0F7-6B16-4FA8-BDDB-285D41CE12F2}.Debug|Any CPU.Build.0 = Debug|Any CPU
		{BCD5B0F7-6B16-4FA8-BDDB-285D41CE12F2}.Release|Any CPU.ActiveCfg = Release|Any CPU
		{BCD5B0F7-6B16-4FA8-BDDB-285D41CE12F2}.Release|Any CPU.Build.0 = Release|Any CPU
	EndGlobalSection
	GlobalSection(SolutionProperties) = preSolution
		HideSolutionNode = FALSE
	EndGlobalSection
	GlobalSection(ExtensibilityGlobals) = postSolution
		SolutionGuid = {3BC9BD35-E96C-451E-B437-837310A2C2F0}
	EndGlobalSection
EndGlobal
